// !$*UTF8*$!
{
	archiveVersion = 1;
	classes = {
	};
	objectVersion = 50;
	objects = {

/* Begin PBXBuildFile section */
		DFA43AF1253453B6008BEF3D /* ZJPSWRectEncryptView.m in Sources */ = {isa = PBXBuildFile; fileRef = DFA43AA6253453B6008BEF3D /* ZJPSWRectEncryptView.m */; };
		DFA43AF2253453B6008BEF3D /* ZJModel.m in Sources */ = {isa = PBXBuildFile; fileRef = DFA43AA9253453B6008BEF3D /* ZJModel.m */; };
		DFA43AF3253453B6008BEF3D /* ZJPasswordStyleViewController.m in Sources */ = {isa = PBXBuildFile; fileRef = DFA43AAA253453B6008BEF3D /* ZJPasswordStyleViewController.m */; };
		DFA43AF4253453B6008BEF3D /* ZJPSWRectDotEncryptionView.m in Sources */ = {isa = PBXBuildFile; fileRef = DFA43AAF253453B6008BEF3D /* ZJPSWRectDotEncryptionView.m */; };
		DFA43AF5253453B6008BEF3D /* ZJPSWLineDotEncryptionView.m in Sources */ = {isa = PBXBuildFile; fileRef = DFA43AB1253453B6008BEF3D /* ZJPSWLineDotEncryptionView.m */; };
		DFA43AF6253453B6008BEF3D /* ZJPasswordDotView.m in Sources */ = {isa = PBXBuildFile; fileRef = DFA43AB3253453B6008BEF3D /* ZJPasswordDotView.m */; };
		DFA43AF7253453B6008BEF3D /* ZJPSWLineDotNormalView.m in Sources */ = {isa = PBXBuildFile; fileRef = DFA43AB4253453B6008BEF3D /* ZJPSWLineDotNormalView.m */; };
		DFA43AF8253453B6008BEF3D /* ZJMaskView.m in Sources */ = {isa = PBXBuildFile; fileRef = DFA43AB6253453B6008BEF3D /* ZJMaskView.m */; };
		DFA43AF9253453B6008BEF3D /* ZJPSWRectDotNormalView.m in Sources */ = {isa = PBXBuildFile; fileRef = DFA43AB8253453B6008BEF3D /* ZJPSWRectDotNormalView.m */; };
		DFA43AFA253453B6008BEF3D /* ZJCircleAnimatedView.m in Sources */ = {isa = PBXBuildFile; fileRef = DFA43ABD253453B6008BEF3D /* ZJCircleAnimatedView.m */; };
		DFA43AFB253453B6008BEF3D /* ZJSuccessLoadingView.m in Sources */ = {isa = PBXBuildFile; fileRef = DFA43AC0253453B6008BEF3D /* ZJSuccessLoadingView.m */; };
		DFA43AFC253453B6008BEF3D /* ZJPSWTextfieldContext.m in Sources */ = {isa = PBXBuildFile; fileRef = DFA43AC2253453B6008BEF3D /* ZJPSWTextfieldContext.m */; };
		DFA43AFD253453B6008BEF3D /* ZJPSWRectAnimateTextfieldView.m in Sources */ = {isa = PBXBuildFile; fileRef = DFA43AC3253453B6008BEF3D /* ZJPSWRectAnimateTextfieldView.m */; };
		DFA43AFE253453B6008BEF3D /* ZJPSWRectNormalTextfieldView.m in Sources */ = {isa = PBXBuildFile; fileRef = DFA43AC4253453B6008BEF3D /* ZJPSWRectNormalTextfieldView.m */; };
		DFA43AFF253453B6008BEF3D /* ZJPSWLineNormalTextfiledView.m in Sources */ = {isa = PBXBuildFile; fileRef = DFA43AC6253453B6008BEF3D /* ZJPSWLineNormalTextfiledView.m */; };
		DFA43B00253453B6008BEF3D /* ZJPSWLineEncryptTextfiledView.m in Sources */ = {isa = PBXBuildFile; fileRef = DFA43AC7253453B6008BEF3D /* ZJPSWLineEncryptTextfiledView.m */; };
		DFA43B01253453B6008BEF3D /* ZJPSWRectEncryptTextfiledView.m in Sources */ = {isa = PBXBuildFile; fileRef = DFA43ACD253453B6008BEF3D /* ZJPSWRectEncryptTextfiledView.m */; };
		DFA43B02253453B6008BEF3D /* NSLayoutConstraint+MASDebugAdditions.m in Sources */ = {isa = PBXBuildFile; fileRef = DFA43AD1253453B6008BEF3D /* NSLayoutConstraint+MASDebugAdditions.m */; };
		DFA43B03253453B6008BEF3D /* ViewController+MASAdditions.m in Sources */ = {isa = PBXBuildFile; fileRef = DFA43ADA253453B6008BEF3D /* ViewController+MASAdditions.m */; };
		DFA43B04253453B6008BEF3D /* MASCompositeConstraint.m in Sources */ = {isa = PBXBuildFile; fileRef = DFA43ADE253453B6008BEF3D /* MASCompositeConstraint.m */; };
		DFA43B05253453B6008BEF3D /* MASConstraintMaker.m in Sources */ = {isa = PBXBuildFile; fileRef = DFA43ADF253453B6008BEF3D /* MASConstraintMaker.m */; };
		DFA43B06253453B6008BEF3D /* MASLayoutConstraint.m in Sources */ = {isa = PBXBuildFile; fileRef = DFA43AE0253453B6008BEF3D /* MASLayoutConstraint.m */; };
		DFA43B07253453B6008BEF3D /* NSArray+MASAdditions.m in Sources */ = {isa = PBXBuildFile; fileRef = DFA43AE1253453B6008BEF3D /* NSArray+MASAdditions.m */; };
		DFA43B08253453B6008BEF3D /* View+MASAdditions.m in Sources */ = {isa = PBXBuildFile; fileRef = DFA43AE2253453B6008BEF3D /* View+MASAdditions.m */; };
		DFA43B09253453B6008BEF3D /* MASConstraint.m in Sources */ = {isa = PBXBuildFile; fileRef = DFA43AE5253453B6008BEF3D /* MASConstraint.m */; };
		DFA43B0A253453B6008BEF3D /* MASViewConstraint.m in Sources */ = {isa = PBXBuildFile; fileRef = DFA43AE7253453B6008BEF3D /* MASViewConstraint.m */; };
		DFA43B0B253453B6008BEF3D /* MASViewAttribute.m in Sources */ = {isa = PBXBuildFile; fileRef = DFA43AE8253453B6008BEF3D /* MASViewAttribute.m */; };
		DFA43B0C253453B6008BEF3D /* ZJPSWBaseTextField.m in Sources */ = {isa = PBXBuildFile; fileRef = DFA43AEC253453B6008BEF3D /* ZJPSWBaseTextField.m */; };
		DFA43B0D253453B6008BEF3D /* ZJPSWBaseView.m in Sources */ = {isa = PBXBuildFile; fileRef = DFA43AED253453B6008BEF3D /* ZJPSWBaseView.m */; };
		DFA43B0E253453B6008BEF3D /* ZJKeyboardHelperView.m in Sources */ = {isa = PBXBuildFile; fileRef = DFA43AEE253453B6008BEF3D /* ZJKeyboardHelperView.m */; };
		DFD733BB22C06E81002F1476 /* AppDelegate.m in Sources */ = {isa = PBXBuildFile; fileRef = DFD733BA22C06E81002F1476 /* AppDelegate.m */; };
		DFD733BE22C06E81002F1476 /* ViewController.m in Sources */ = {isa = PBXBuildFile; fileRef = DFD733BD22C06E81002F1476 /* ViewController.m */; };
		DFD733C122C06E81002F1476 /* Main.storyboard in Resources */ = {isa = PBXBuildFile; fileRef = DFD733BF22C06E81002F1476 /* Main.storyboard */; };
		DFD733C622C06E82002F1476 /* Assets.xcassets in Resources */ = {isa = PBXBuildFile; fileRef = DFD733C522C06E82002F1476 /* Assets.xcassets */; };
		DFD733C922C06E82002F1476 /* LaunchScreen.storyboard in Resources */ = {isa = PBXBuildFile; fileRef = DFD733C722C06E82002F1476 /* LaunchScreen.storyboard */; };
		DFD733CC22C06E82002F1476 /* main.m in Sources */ = {isa = PBXBuildFile; fileRef = DFD733CB22C06E82002F1476 /* main.m */; };
/* End PBXBuildFile section */

/* Begin PBXFileReference section */
		DFA43AA6253453B6008BEF3D /* ZJPSWRectEncryptView.m */ = {isa = PBXFileReference; fileEncoding = 4; lastKnownFileType = sourcecode.c.objc; path = ZJPSWRectEncryptView.m; sourceTree = "<group>"; };
		DFA43AA7253453B6008BEF3D /* ZJPSWRectEncryptView.h */ = {isa = PBXFileReference; fileEncoding = 4; lastKnownFileType = sourcecode.c.h; path = ZJPSWRectEncryptView.h; sourceTree = "<group>"; };
		DFA43AA9253453B6008BEF3D /* ZJModel.m */ = {isa = PBXFileReference; fileEncoding = 4; lastKnownFileType = sourcecode.c.objc; path = ZJModel.m; sourceTree = "<group>"; };
		DFA43AAA253453B6008BEF3D /* ZJPasswordStyleViewController.m */ = {isa = PBXFileReference; fileEncoding = 4; lastKnownFileType = sourcecode.c.objc; path = ZJPasswordStyleViewController.m; sourceTree = "<group>"; };
		DFA43AAB253453B6008BEF3D /* ZJPasswordStyleViewController.h */ = {isa = PBXFileReference; fileEncoding = 4; lastKnownFileType = sourcecode.c.h; path = ZJPasswordStyleViewController.h; sourceTree = "<group>"; };
		DFA43AAC253453B6008BEF3D /* ZJModel.h */ = {isa = PBXFileReference; fileEncoding = 4; lastKnownFileType = sourcecode.c.h; path = ZJModel.h; sourceTree = "<group>"; };
		DFA43AAD253453B6008BEF3D /* ZJPasswordViewHeader.h */ = {isa = PBXFileReference; fileEncoding = 4; lastKnownFileType = sourcecode.c.h; path = ZJPasswordViewHeader.h; sourceTree = "<group>"; };
		DFA43AAF253453B6008BEF3D /* ZJPSWRectDotEncryptionView.m */ = {isa = PBXFileReference; fileEncoding = 4; lastKnownFileType = sourcecode.c.objc; path = ZJPSWRectDotEncryptionView.m; sourceTree = "<group>"; };
		DFA43AB0253453B6008BEF3D /* ZJMaskView.h */ = {isa = PBXFileReference; fileEncoding = 4; lastKnownFileType = sourcecode.c.h; path = ZJMaskView.h; sourceTree = "<group>"; };
		DFA43AB1253453B6008BEF3D /* ZJPSWLineDotEncryptionView.m */ = {isa = PBXFileReference; fileEncoding = 4; lastKnownFileType = sourcecode.c.objc; path = ZJPSWLineDotEncryptionView.m; sourceTree = "<group>"; };
		DFA43AB2253453B6008BEF3D /* ZJPSWRectDotNormalView.h */ = {isa = PBXFileReference; fileEncoding = 4; lastKnownFileType = sourcecode.c.h; path = ZJPSWRectDotNormalView.h; sourceTree = "<group>"; };
		DFA43AB3253453B6008BEF3D /* ZJPasswordDotView.m */ = {isa = PBXFileReference; fileEncoding = 4; lastKnownFileType = sourcecode.c.objc; path = ZJPasswordDotView.m; sourceTree = "<group>"; };
		DFA43AB4253453B6008BEF3D /* ZJPSWLineDotNormalView.m */ = {isa = PBXFileReference; fileEncoding = 4; lastKnownFileType = sourcecode.c.objc; path = ZJPSWLineDotNormalView.m; sourceTree = "<group>"; };
		DFA43AB5253453B6008BEF3D /* ZJPSWLineDotEncryptionView.h */ = {isa = PBXFileReference; fileEncoding = 4; lastKnownFileType = sourcecode.c.h; path = ZJPSWLineDotEncryptionView.h; sourceTree = "<group>"; };
		DFA43AB6253453B6008BEF3D /* ZJMaskView.m */ = {isa = PBXFileReference; fileEncoding = 4; lastKnownFileType = sourcecode.c.objc; path = ZJMaskView.m; sourceTree = "<group>"; };
		DFA43AB7253453B6008BEF3D /* ZJPSWRectDotEncryptionView.h */ = {isa = PBXFileReference; fileEncoding = 4; lastKnownFileType = sourcecode.c.h; path = ZJPSWRectDotEncryptionView.h; sourceTree = "<group>"; };
		DFA43AB8253453B6008BEF3D /* ZJPSWRectDotNormalView.m */ = {isa = PBXFileReference; fileEncoding = 4; lastKnownFileType = sourcecode.c.objc; path = ZJPSWRectDotNormalView.m; sourceTree = "<group>"; };
		DFA43AB9253453B6008BEF3D /* ZJPSWLineDotNormalView.h */ = {isa = PBXFileReference; fileEncoding = 4; lastKnownFileType = sourcecode.c.h; path = ZJPSWLineDotNormalView.h; sourceTree = "<group>"; };
		DFA43ABA253453B6008BEF3D /* ZJPasswordDotView.h */ = {isa = PBXFileReference; fileEncoding = 4; lastKnownFileType = sourcecode.c.h; path = ZJPasswordDotView.h; sourceTree = "<group>"; };
		DFA43ABB253453B6008BEF3D /* ZJPasswordViewProtocol.h */ = {isa = PBXFileReference; fileEncoding = 4; lastKnownFileType = sourcecode.c.h; path = ZJPasswordViewProtocol.h; sourceTree = "<group>"; };
		DFA43ABD253453B6008BEF3D /* ZJCircleAnimatedView.m */ = {isa = PBXFileReference; fileEncoding = 4; lastKnownFileType = sourcecode.c.objc; path = ZJCircleAnimatedView.m; sourceTree = "<group>"; };
		DFA43ABE253453B6008BEF3D /* ZJSuccessLoadingView.h */ = {isa = PBXFileReference; fileEncoding = 4; lastKnownFileType = sourcecode.c.h; path = ZJSuccessLoadingView.h; sourceTree = "<group>"; };
		DFA43ABF253453B6008BEF3D /* ZJCircleAnimatedView.h */ = {isa = PBXFileReference; fileEncoding = 4; lastKnownFileType = sourcecode.c.h; path = ZJCircleAnimatedView.h; sourceTree = "<group>"; };
		DFA43AC0253453B6008BEF3D /* ZJSuccessLoadingView.m */ = {isa = PBXFileReference; fileEncoding = 4; lastKnownFileType = sourcecode.c.objc; path = ZJSuccessLoadingView.m; sourceTree = "<group>"; };
		DFA43AC2253453B6008BEF3D /* ZJPSWTextfieldContext.m */ = {isa = PBXFileReference; fileEncoding = 4; lastKnownFileType = sourcecode.c.objc; path = ZJPSWTextfieldContext.m; sourceTree = "<group>"; };
		DFA43AC3253453B6008BEF3D /* ZJPSWRectAnimateTextfieldView.m */ = {isa = PBXFileReference; fileEncoding = 4; lastKnownFileType = sourcecode.c.objc; path = ZJPSWRectAnimateTextfieldView.m; sourceTree = "<group>"; };
		DFA43AC4253453B6008BEF3D /* ZJPSWRectNormalTextfieldView.m */ = {isa = PBXFileReference; fileEncoding = 4; lastKnownFileType = sourcecode.c.objc; path = ZJPSWRectNormalTextfieldView.m; sourceTree = "<group>"; };
		DFA43AC5253453B6008BEF3D /* ZJPSWRectEncryptTextfiledView.h */ = {isa = PBXFileReference; fileEncoding = 4; lastKnownFileType = sourcecode.c.h; path = ZJPSWRectEncryptTextfiledView.h; sourceTree = "<group>"; };
		DFA43AC6253453B6008BEF3D /* ZJPSWLineNormalTextfiledView.m */ = {isa = PBXFileReference; fileEncoding = 4; lastKnownFileType = sourcecode.c.objc; path = ZJPSWLineNormalTextfiledView.m; sourceTree = "<group>"; };
		DFA43AC7253453B6008BEF3D /* ZJPSWLineEncryptTextfiledView.m */ = {isa = PBXFileReference; fileEncoding = 4; lastKnownFileType = sourcecode.c.objc; path = ZJPSWLineEncryptTextfiledView.m; sourceTree = "<group>"; };
		DFA43AC8253453B6008BEF3D /* ZJPSWTextfieldContext.h */ = {isa = PBXFileReference; fileEncoding = 4; lastKnownFileType = sourcecode.c.h; path = ZJPSWTextfieldContext.h; sourceTree = "<group>"; };
		DFA43AC9253453B6008BEF3D /* ZJPSWRectNormalTextfieldView.h */ = {isa = PBXFileReference; fileEncoding = 4; lastKnownFileType = sourcecode.c.h; path = ZJPSWRectNormalTextfieldView.h; sourceTree = "<group>"; };
		DFA43ACA253453B6008BEF3D /* ZJPSWRectAnimateTextfieldView.h */ = {isa = PBXFileReference; fileEncoding = 4; lastKnownFileType = sourcecode.c.h; path = ZJPSWRectAnimateTextfieldView.h; sourceTree = "<group>"; };
		DFA43ACB253453B6008BEF3D /* ZJPSWLineEncryptTextfiledView.h */ = {isa = PBXFileReference; fileEncoding = 4; lastKnownFileType = sourcecode.c.h; path = ZJPSWLineEncryptTextfiledView.h; sourceTree = "<group>"; };
		DFA43ACC253453B6008BEF3D /* ZJPSWLineNormalTextfiledView.h */ = {isa = PBXFileReference; fileEncoding = 4; lastKnownFileType = sourcecode.c.h; path = ZJPSWLineNormalTextfiledView.h; sourceTree = "<group>"; };
		DFA43ACD253453B6008BEF3D /* ZJPSWRectEncryptTextfiledView.m */ = {isa = PBXFileReference; fileEncoding = 4; lastKnownFileType = sourcecode.c.objc; path = ZJPSWRectEncryptTextfiledView.m; sourceTree = "<group>"; };
		DFA43AD0253453B6008BEF3D /* MASCompositeConstraint.h */ = {isa = PBXFileReference; fileEncoding = 4; lastKnownFileType = sourcecode.c.h; path = MASCompositeConstraint.h; sourceTree = "<group>"; };
		DFA43AD1253453B6008BEF3D /* NSLayoutConstraint+MASDebugAdditions.m */ = {isa = PBXFileReference; fileEncoding = 4; lastKnownFileType = sourcecode.c.objc; path = "NSLayoutConstraint+MASDebugAdditions.m"; sourceTree = "<group>"; };
		DFA43AD2253453B6008BEF3D /* MASConstraint+Private.h */ = {isa = PBXFileReference; fileEncoding = 4; lastKnownFileType = sourcecode.c.h; path = "MASConstraint+Private.h"; sourceTree = "<group>"; };
		DFA43AD3253453B6008BEF3D /* MASLayoutConstraint.h */ = {isa = PBXFileReference; fileEncoding = 4; lastKnownFileType = sourcecode.c.h; path = MASLayoutConstraint.h; sourceTree = "<group>"; };
		DFA43AD4253453B6008BEF3D /* NSArray+MASShorthandAdditions.h */ = {isa = PBXFileReference; fileEncoding = 4; lastKnownFileType = sourcecode.c.h; path = "NSArray+MASShorthandAdditions.h"; sourceTree = "<group>"; };
		DFA43AD5253453B6008BEF3D /* MASConstraintMaker.h */ = {isa = PBXFileReference; fileEncoding = 4; lastKnownFileType = sourcecode.c.h; path = MASConstraintMaker.h; sourceTree = "<group>"; };
		DFA43AD6253453B6008BEF3D /* View+MASAdditions.h */ = {isa = PBXFileReference; fileEncoding = 4; lastKnownFileType = sourcecode.c.h; path = "View+MASAdditions.h"; sourceTree = "<group>"; };
		DFA43AD7253453B6008BEF3D /* NSArray+MASAdditions.h */ = {isa = PBXFileReference; fileEncoding = 4; lastKnownFileType = sourcecode.c.h; path = "NSArray+MASAdditions.h"; sourceTree = "<group>"; };
		DFA43AD8253453B6008BEF3D /* MASUtilities.h */ = {isa = PBXFileReference; fileEncoding = 4; lastKnownFileType = sourcecode.c.h; path = MASUtilities.h; sourceTree = "<group>"; };
		DFA43AD9253453B6008BEF3D /* MASViewAttribute.h */ = {isa = PBXFileReference; fileEncoding = 4; lastKnownFileType = sourcecode.c.h; path = MASViewAttribute.h; sourceTree = "<group>"; };
		DFA43ADA253453B6008BEF3D /* ViewController+MASAdditions.m */ = {isa = PBXFileReference; fileEncoding = 4; lastKnownFileType = sourcecode.c.objc; path = "ViewController+MASAdditions.m"; sourceTree = "<group>"; };
		DFA43ADB253453B6008BEF3D /* MASViewConstraint.h */ = {isa = PBXFileReference; fileEncoding = 4; lastKnownFileType = sourcecode.c.h; path = MASViewConstraint.h; sourceTree = "<group>"; };
		DFA43ADC253453B6008BEF3D /* MASConstraint.h */ = {isa = PBXFileReference; fileEncoding = 4; lastKnownFileType = sourcecode.c.h; path = MASConstraint.h; sourceTree = "<group>"; };
		DFA43ADD253453B6008BEF3D /* NSLayoutConstraint+MASDebugAdditions.h */ = {isa = PBXFileReference; fileEncoding = 4; lastKnownFileType = sourcecode.c.h; path = "NSLayoutConstraint+MASDebugAdditions.h"; sourceTree = "<group>"; };
		DFA43ADE253453B6008BEF3D /* MASCompositeConstraint.m */ = {isa = PBXFileReference; fileEncoding = 4; lastKnownFileType = sourcecode.c.objc; path = MASCompositeConstraint.m; sourceTree = "<group>"; };
		DFA43ADF253453B6008BEF3D /* MASConstraintMaker.m */ = {isa = PBXFileReference; fileEncoding = 4; lastKnownFileType = sourcecode.c.objc; path = MASConstraintMaker.m; sourceTree = "<group>"; };
		DFA43AE0253453B6008BEF3D /* MASLayoutConstraint.m */ = {isa = PBXFileReference; fileEncoding = 4; lastKnownFileType = sourcecode.c.objc; path = MASLayoutConstraint.m; sourceTree = "<group>"; };
		DFA43AE1253453B6008BEF3D /* NSArray+MASAdditions.m */ = {isa = PBXFileReference; fileEncoding = 4; lastKnownFileType = sourcecode.c.objc; path = "NSArray+MASAdditions.m"; sourceTree = "<group>"; };
		DFA43AE2253453B6008BEF3D /* View+MASAdditions.m */ = {isa = PBXFileReference; fileEncoding = 4; lastKnownFileType = sourcecode.c.objc; path = "View+MASAdditions.m"; sourceTree = "<group>"; };
		DFA43AE3253453B6008BEF3D /* View+MASShorthandAdditions.h */ = {isa = PBXFileReference; fileEncoding = 4; lastKnownFileType = sourcecode.c.h; path = "View+MASShorthandAdditions.h"; sourceTree = "<group>"; };
		DFA43AE4253453B6008BEF3D /* Masonry.h */ = {isa = PBXFileReference; fileEncoding = 4; lastKnownFileType = sourcecode.c.h; path = Masonry.h; sourceTree = "<group>"; };
		DFA43AE5253453B6008BEF3D /* MASConstraint.m */ = {isa = PBXFileReference; fileEncoding = 4; lastKnownFileType = sourcecode.c.objc; path = MASConstraint.m; sourceTree = "<group>"; };
		DFA43AE6253453B6008BEF3D /* ViewController+MASAdditions.h */ = {isa = PBXFileReference; fileEncoding = 4; lastKnownFileType = sourcecode.c.h; path = "ViewController+MASAdditions.h"; sourceTree = "<group>"; };
		DFA43AE7253453B6008BEF3D /* MASViewConstraint.m */ = {isa = PBXFileReference; fileEncoding = 4; lastKnownFileType = sourcecode.c.objc; path = MASViewConstraint.m; sourceTree = "<group>"; };
		DFA43AE8253453B6008BEF3D /* MASViewAttribute.m */ = {isa = PBXFileReference; fileEncoding = 4; lastKnownFileType = sourcecode.c.objc; path = MASViewAttribute.m; sourceTree = "<group>"; };
		DFA43AEA253453B6008BEF3D /* ZJKeyboardHelperView.h */ = {isa = PBXFileReference; fileEncoding = 4; lastKnownFileType = sourcecode.c.h; path = ZJKeyboardHelperView.h; sourceTree = "<group>"; };
		DFA43AEB253453B6008BEF3D /* ZJPSWBaseView.h */ = {isa = PBXFileReference; fileEncoding = 4; lastKnownFileType = sourcecode.c.h; path = ZJPSWBaseView.h; sourceTree = "<group>"; };
		DFA43AEC253453B6008BEF3D /* ZJPSWBaseTextField.m */ = {isa = PBXFileReference; fileEncoding = 4; lastKnownFileType = sourcecode.c.objc; path = ZJPSWBaseTextField.m; sourceTree = "<group>"; };
		DFA43AED253453B6008BEF3D /* ZJPSWBaseView.m */ = {isa = PBXFileReference; fileEncoding = 4; lastKnownFileType = sourcecode.c.objc; path = ZJPSWBaseView.m; sourceTree = "<group>"; };
		DFA43AEE253453B6008BEF3D /* ZJKeyboardHelperView.m */ = {isa = PBXFileReference; fileEncoding = 4; lastKnownFileType = sourcecode.c.objc; path = ZJKeyboardHelperView.m; sourceTree = "<group>"; };
		DFA43AEF253453B6008BEF3D /* ZJUIHeader.h */ = {isa = PBXFileReference; fileEncoding = 4; lastKnownFileType = sourcecode.c.h; path = ZJUIHeader.h; sourceTree = "<group>"; };
		DFA43AF0253453B6008BEF3D /* ZJPSWBaseTextField.h */ = {isa = PBXFileReference; fileEncoding = 4; lastKnownFileType = sourcecode.c.h; path = ZJPSWBaseTextField.h; sourceTree = "<group>"; };
		DFD733B622C06E81002F1476 /* ZJPasswordStyleView.app */ = {isa = PBXFileReference; explicitFileType = wrapper.application; includeInIndex = 0; path = ZJPasswordStyleView.app; sourceTree = BUILT_PRODUCTS_DIR; };
		DFD733B922C06E81002F1476 /* AppDelegate.h */ = {isa = PBXFileReference; lastKnownFileType = sourcecode.c.h; path = AppDelegate.h; sourceTree = "<group>"; };
		DFD733BA22C06E81002F1476 /* AppDelegate.m */ = {isa = PBXFileReference; lastKnownFileType = sourcecode.c.objc; path = AppDelegate.m; sourceTree = "<group>"; };
		DFD733BC22C06E81002F1476 /* ViewController.h */ = {isa = PBXFileReference; lastKnownFileType = sourcecode.c.h; path = ViewController.h; sourceTree = "<group>"; };
		DFD733BD22C06E81002F1476 /* ViewController.m */ = {isa = PBXFileReference; lastKnownFileType = sourcecode.c.objc; path = ViewController.m; sourceTree = "<group>"; };
		DFD733C022C06E81002F1476 /* Base */ = {isa = PBXFileReference; lastKnownFileType = file.storyboard; name = Base; path = Base.lproj/Main.storyboard; sourceTree = "<group>"; };
		DFD733C522C06E82002F1476 /* Assets.xcassets */ = {isa = PBXFileReference; lastKnownFileType = folder.assetcatalog; path = Assets.xcassets; sourceTree = "<group>"; };
		DFD733C822C06E82002F1476 /* Base */ = {isa = PBXFileReference; lastKnownFileType = file.storyboard; name = Base; path = Base.lproj/LaunchScreen.storyboard; sourceTree = "<group>"; };
		DFD733CA22C06E82002F1476 /* Info.plist */ = {isa = PBXFileReference; lastKnownFileType = text.plist.xml; path = Info.plist; sourceTree = "<group>"; };
		DFD733CB22C06E82002F1476 /* main.m */ = {isa = PBXFileReference; lastKnownFileType = sourcecode.c.objc; path = main.m; sourceTree = "<group>"; };
/* End PBXFileReference section */

/* Begin PBXFrameworksBuildPhase section */
		DFD733B322C06E81002F1476 /* Frameworks */ = {
			isa = PBXFrameworksBuildPhase;
			buildActionMask = 2147483647;
			files = (
			);
			runOnlyForDeploymentPostprocessing = 0;
		};
/* End PBXFrameworksBuildPhase section */

/* Begin PBXGroup section */
		DFA43AA3253453B6008BEF3D /* ZJPasswordFile */ = {
			isa = PBXGroup;
			children = (
				DFA43AA4253453B6008BEF3D /* TextfiledView */,
				DFA43ACE253453B6008BEF3D /* Lib */,
				DFA43AE9253453B6008BEF3D /* Base */,
			);
			path = ZJPasswordFile;
			sourceTree = "<group>";
		};
		DFA43AA4253453B6008BEF3D /* TextfiledView */ = {
			isa = PBXGroup;
			children = (
				DFA43AA5253453B6008BEF3D /* TextfiledViewElement */,
				DFA43AA8253453B6008BEF3D /* TestViewController */,
				DFA43AAD253453B6008BEF3D /* ZJPasswordViewHeader.h */,
				DFA43AAE253453B6008BEF3D /* ZJDotView */,
				DFA43ABB253453B6008BEF3D /* ZJPasswordViewProtocol.h */,
				DFA43ABC253453B6008BEF3D /* AnimatedView */,
				DFA43AC1253453B6008BEF3D /* ZJTextfieldView */,
			);
			path = TextfiledView;
			sourceTree = "<group>";
		};
		DFA43AA5253453B6008BEF3D /* TextfiledViewElement */ = {
			isa = PBXGroup;
			children = (
				DFA43AA6253453B6008BEF3D /* ZJPSWRectEncryptView.m */,
				DFA43AA7253453B6008BEF3D /* ZJPSWRectEncryptView.h */,
			);
			path = TextfiledViewElement;
			sourceTree = "<group>";
		};
		DFA43AA8253453B6008BEF3D /* TestViewController */ = {
			isa = PBXGroup;
			children = (
				DFA43AA9253453B6008BEF3D /* ZJModel.m */,
				DFA43AAA253453B6008BEF3D /* ZJPasswordStyleViewController.m */,
				DFA43AAB253453B6008BEF3D /* ZJPasswordStyleViewController.h */,
				DFA43AAC253453B6008BEF3D /* ZJModel.h */,
			);
			path = TestViewController;
			sourceTree = "<group>";
		};
		DFA43AAE253453B6008BEF3D /* ZJDotView */ = {
			isa = PBXGroup;
			children = (
				DFA43AAF253453B6008BEF3D /* ZJPSWRectDotEncryptionView.m */,
				DFA43AB0253453B6008BEF3D /* ZJMaskView.h */,
				DFA43AB1253453B6008BEF3D /* ZJPSWLineDotEncryptionView.m */,
				DFA43AB2253453B6008BEF3D /* ZJPSWRectDotNormalView.h */,
				DFA43AB3253453B6008BEF3D /* ZJPasswordDotView.m */,
				DFA43AB4253453B6008BEF3D /* ZJPSWLineDotNormalView.m */,
				DFA43AB5253453B6008BEF3D /* ZJPSWLineDotEncryptionView.h */,
				DFA43AB6253453B6008BEF3D /* ZJMaskView.m */,
				DFA43AB7253453B6008BEF3D /* ZJPSWRectDotEncryptionView.h */,
				DFA43AB8253453B6008BEF3D /* ZJPSWRectDotNormalView.m */,
				DFA43AB9253453B6008BEF3D /* ZJPSWLineDotNormalView.h */,
				DFA43ABA253453B6008BEF3D /* ZJPasswordDotView.h */,
			);
			path = ZJDotView;
			sourceTree = "<group>";
		};
		DFA43ABC253453B6008BEF3D /* AnimatedView */ = {
			isa = PBXGroup;
			children = (
				DFA43ABD253453B6008BEF3D /* ZJCircleAnimatedView.m */,
				DFA43ABE253453B6008BEF3D /* ZJSuccessLoadingView.h */,
				DFA43ABF253453B6008BEF3D /* ZJCircleAnimatedView.h */,
				DFA43AC0253453B6008BEF3D /* ZJSuccessLoadingView.m */,
			);
			path = AnimatedView;
			sourceTree = "<group>";
		};
		DFA43AC1253453B6008BEF3D /* ZJTextfieldView */ = {
			isa = PBXGroup;
			children = (
				DFA43AC2253453B6008BEF3D /* ZJPSWTextfieldContext.m */,
				DFA43AC3253453B6008BEF3D /* ZJPSWRectAnimateTextfieldView.m */,
				DFA43AC4253453B6008BEF3D /* ZJPSWRectNormalTextfieldView.m */,
				DFA43AC5253453B6008BEF3D /* ZJPSWRectEncryptTextfiledView.h */,
				DFA43AC6253453B6008BEF3D /* ZJPSWLineNormalTextfiledView.m */,
				DFA43AC7253453B6008BEF3D /* ZJPSWLineEncryptTextfiledView.m */,
				DFA43AC8253453B6008BEF3D /* ZJPSWTextfieldContext.h */,
				DFA43AC9253453B6008BEF3D /* ZJPSWRectNormalTextfieldView.h */,
				DFA43ACA253453B6008BEF3D /* ZJPSWRectAnimateTextfieldView.h */,
				DFA43ACB253453B6008BEF3D /* ZJPSWLineEncryptTextfiledView.h */,
				DFA43ACC253453B6008BEF3D /* ZJPSWLineNormalTextfiledView.h */,
				DFA43ACD253453B6008BEF3D /* ZJPSWRectEncryptTextfiledView.m */,
			);
			path = ZJTextfieldView;
			sourceTree = "<group>";
		};
		DFA43ACE253453B6008BEF3D /* Lib */ = {
			isa = PBXGroup;
			children = (
				DFA43ACF253453B6008BEF3D /* Masonry */,
			);
			path = Lib;
			sourceTree = "<group>";
		};
		DFA43ACF253453B6008BEF3D /* Masonry */ = {
			isa = PBXGroup;
			children = (
				DFA43AD0253453B6008BEF3D /* MASCompositeConstraint.h */,
				DFA43AD1253453B6008BEF3D /* NSLayoutConstraint+MASDebugAdditions.m */,
				DFA43AD2253453B6008BEF3D /* MASConstraint+Private.h */,
				DFA43AD3253453B6008BEF3D /* MASLayoutConstraint.h */,
				DFA43AD4253453B6008BEF3D /* NSArray+MASShorthandAdditions.h */,
				DFA43AD5253453B6008BEF3D /* MASConstraintMaker.h */,
				DFA43AD6253453B6008BEF3D /* View+MASAdditions.h */,
				DFA43AD7253453B6008BEF3D /* NSArray+MASAdditions.h */,
				DFA43AD8253453B6008BEF3D /* MASUtilities.h */,
				DFA43AD9253453B6008BEF3D /* MASViewAttribute.h */,
				DFA43ADA253453B6008BEF3D /* ViewController+MASAdditions.m */,
				DFA43ADB253453B6008BEF3D /* MASViewConstraint.h */,
				DFA43ADC253453B6008BEF3D /* MASConstraint.h */,
				DFA43ADD253453B6008BEF3D /* NSLayoutConstraint+MASDebugAdditions.h */,
				DFA43ADE253453B6008BEF3D /* MASCompositeConstraint.m */,
				DFA43ADF253453B6008BEF3D /* MASConstraintMaker.m */,
				DFA43AE0253453B6008BEF3D /* MASLayoutConstraint.m */,
				DFA43AE1253453B6008BEF3D /* NSArray+MASAdditions.m */,
				DFA43AE2253453B6008BEF3D /* View+MASAdditions.m */,
				DFA43AE3253453B6008BEF3D /* View+MASShorthandAdditions.h */,
				DFA43AE4253453B6008BEF3D /* Masonry.h */,
				DFA43AE5253453B6008BEF3D /* MASConstraint.m */,
				DFA43AE6253453B6008BEF3D /* ViewController+MASAdditions.h */,
				DFA43AE7253453B6008BEF3D /* MASViewConstraint.m */,
				DFA43AE8253453B6008BEF3D /* MASViewAttribute.m */,
			);
			path = Masonry;
			sourceTree = "<group>";
		};
		DFA43AE9253453B6008BEF3D /* Base */ = {
			isa = PBXGroup;
			children = (
				DFA43AEA253453B6008BEF3D /* ZJKeyboardHelperView.h */,
				DFA43AEB253453B6008BEF3D /* ZJPSWBaseView.h */,
				DFA43AEC253453B6008BEF3D /* ZJPSWBaseTextField.m */,
				DFA43AED253453B6008BEF3D /* ZJPSWBaseView.m */,
				DFA43AEE253453B6008BEF3D /* ZJKeyboardHelperView.m */,
				DFA43AEF253453B6008BEF3D /* ZJUIHeader.h */,
				DFA43AF0253453B6008BEF3D /* ZJPSWBaseTextField.h */,
			);
			path = Base;
			sourceTree = "<group>";
		};
		DFD733AD22C06E81002F1476 = {
			isa = PBXGroup;
			children = (
				DFA43AA3253453B6008BEF3D /* ZJPasswordFile */,
				DFD733B822C06E81002F1476 /* ZJPasswordStyleView */,
				DFD733B722C06E81002F1476 /* Products */,
			);
			sourceTree = "<group>";
		};
		DFD733B722C06E81002F1476 /* Products */ = {
			isa = PBXGroup;
			children = (
				DFD733B622C06E81002F1476 /* ZJPasswordStyleView.app */,
			);
			name = Products;
			sourceTree = "<group>";
		};
		DFD733B822C06E81002F1476 /* ZJPasswordStyleView */ = {
			isa = PBXGroup;
			children = (
				DFD733B922C06E81002F1476 /* AppDelegate.h */,
				DFD733BA22C06E81002F1476 /* AppDelegate.m */,
				DFD733BC22C06E81002F1476 /* ViewController.h */,
				DFD733BD22C06E81002F1476 /* ViewController.m */,
				DFD733BF22C06E81002F1476 /* Main.storyboard */,
				DFD733C522C06E82002F1476 /* Assets.xcassets */,
				DFD733C722C06E82002F1476 /* LaunchScreen.storyboard */,
				DFD733CA22C06E82002F1476 /* Info.plist */,
				DFD733CB22C06E82002F1476 /* main.m */,
			);
			path = ZJPasswordStyleView;
			sourceTree = "<group>";
		};
/* End PBXGroup section */

/* Begin PBXNativeTarget section */
		DFD733B522C06E81002F1476 /* ZJPasswordStyleView */ = {
			isa = PBXNativeTarget;
			buildConfigurationList = DFD733DA22C06E82002F1476 /* Build configuration list for PBXNativeTarget "ZJPasswordStyleView" */;
			buildPhases = (
				DFD733B222C06E81002F1476 /* Sources */,
				DFD733B322C06E81002F1476 /* Frameworks */,
				DFD733B422C06E81002F1476 /* Resources */,
			);
			buildRules = (
			);
			dependencies = (
			);
			name = ZJPasswordStyleView;
			productName = ZJPasswordStyleView;
			productReference = DFD733B622C06E81002F1476 /* ZJPasswordStyleView.app */;
			productType = "com.apple.product-type.application";
		};
/* End PBXNativeTarget section */

/* Begin PBXProject section */
		DFD733AE22C06E81002F1476 /* Project object */ = {
			isa = PBXProject;
			attributes = {
				LastUpgradeCheck = 1000;
				ORGANIZATIONNAME = com.zhangjunjun.com;
				TargetAttributes = {
					DFD733B522C06E81002F1476 = {
						CreatedOnToolsVersion = 10.0;
					};
				};
			};
			buildConfigurationList = DFD733B122C06E81002F1476 /* Build configuration list for PBXProject "ZJPasswordStyleView" */;
			compatibilityVersion = "Xcode 9.3";
			developmentRegion = en;
			hasScannedForEncodings = 0;
			knownRegions = (
				en,
				Base,
			);
			mainGroup = DFD733AD22C06E81002F1476;
			productRefGroup = DFD733B722C06E81002F1476 /* Products */;
			projectDirPath = "";
			projectRoot = "";
			targets = (
				DFD733B522C06E81002F1476 /* ZJPasswordStyleView */,
			);
		};
/* End PBXProject section */

/* Begin PBXResourcesBuildPhase section */
		DFD733B422C06E81002F1476 /* Resources */ = {
			isa = PBXResourcesBuildPhase;
			buildActionMask = 2147483647;
			files = (
				DFD733C922C06E82002F1476 /* LaunchScreen.storyboard in Resources */,
				DFD733C622C06E82002F1476 /* Assets.xcassets in Resources */,
				DFD733C122C06E81002F1476 /* Main.storyboard in Resources */,
			);
			runOnlyForDeploymentPostprocessing = 0;
		};
/* End PBXResourcesBuildPhase section */

/* Begin PBXSourcesBuildPhase section */
		DFD733B222C06E81002F1476 /* Sources */ = {
			isa = PBXSourcesBuildPhase;
			buildActionMask = 2147483647;
			files = (
				DFA43B0A253453B6008BEF3D /* MASViewConstraint.m in Sources */,
				DFA43AFE253453B6008BEF3D /* ZJPSWRectNormalTextfieldView.m in Sources */,
				DFA43B04253453B6008BEF3D /* MASCompositeConstraint.m in Sources */,
				DFA43B07253453B6008BEF3D /* NSArray+MASAdditions.m in Sources */,
				DFD733BE22C06E81002F1476 /* ViewController.m in Sources */,
				DFA43B0B253453B6008BEF3D /* MASViewAttribute.m in Sources */,
				DFA43B02253453B6008BEF3D /* NSLayoutConstraint+MASDebugAdditions.m in Sources */,
				DFA43B0C253453B6008BEF3D /* ZJPSWBaseTextField.m in Sources */,
				DFA43AFB253453B6008BEF3D /* ZJSuccessLoadingView.m in Sources */,
				DFA43B05253453B6008BEF3D /* MASConstraintMaker.m in Sources */,
				DFA43B0E253453B6008BEF3D /* ZJKeyboardHelperView.m in Sources */,
				DFA43AF2253453B6008BEF3D /* ZJModel.m in Sources */,
				DFA43B08253453B6008BEF3D /* View+MASAdditions.m in Sources */,
				DFA43AF7253453B6008BEF3D /* ZJPSWLineDotNormalView.m in Sources */,
				DFA43AF5253453B6008BEF3D /* ZJPSWLineDotEncryptionView.m in Sources */,
				DFA43AF1253453B6008BEF3D /* ZJPSWRectEncryptView.m in Sources */,
				DFA43B09253453B6008BEF3D /* MASConstraint.m in Sources */,
				DFA43AFC253453B6008BEF3D /* ZJPSWTextfieldContext.m in Sources */,
				DFA43AF8253453B6008BEF3D /* ZJMaskView.m in Sources */,
				DFA43AF9253453B6008BEF3D /* ZJPSWRectDotNormalView.m in Sources */,
				DFA43AFD253453B6008BEF3D /* ZJPSWRectAnimateTextfieldView.m in Sources */,
				DFD733BB22C06E81002F1476 /* AppDelegate.m in Sources */,
				DFA43AFA253453B6008BEF3D /* ZJCircleAnimatedView.m in Sources */,
				DFA43AF4253453B6008BEF3D /* ZJPSWRectDotEncryptionView.m in Sources */,
				DFA43B06253453B6008BEF3D /* MASLayoutConstraint.m in Sources */,
				DFA43AFF253453B6008BEF3D /* ZJPSWLineNormalTextfiledView.m in Sources */,
				DFA43B03253453B6008BEF3D /* ViewController+MASAdditions.m in Sources */,
				DFA43B01253453B6008BEF3D /* ZJPSWRectEncryptTextfiledView.m in Sources */,
				DFA43AF6253453B6008BEF3D /* ZJPasswordDotView.m in Sources */,
				DFD733CC22C06E82002F1476 /* main.m in Sources */,
				DFA43B00253453B6008BEF3D /* ZJPSWLineEncryptTextfiledView.m in Sources */,
				DFA43B0D253453B6008BEF3D /* ZJPSWBaseView.m in Sources */,
				DFA43AF3253453B6008BEF3D /* ZJPasswordStyleViewController.m in Sources */,
			);
			runOnlyForDeploymentPostprocessing = 0;
		};
/* End PBXSourcesBuildPhase section */

/* Begin PBXVariantGroup section */
		DFD733BF22C06E81002F1476 /* Main.storyboard */ = {
			isa = PBXVariantGroup;
			children = (
				DFD733C022C06E81002F1476 /* Base */,
			);
			name = Main.storyboard;
			sourceTree = "<group>";
		};
		DFD733C722C06E82002F1476 /* LaunchScreen.storyboard */ = {
			isa = PBXVariantGroup;
			children = (
				DFD733C822C06E82002F1476 /* Base */,
			);
			name = LaunchScreen.storyboard;
			sourceTree = "<group>";
		};
/* End PBXVariantGroup section */

/* Begin XCBuildConfiguration section */
		DFD733D822C06E82002F1476 /* Debug */ = {
			isa = XCBuildConfiguration;
			buildSettings = {
				ALWAYS_SEARCH_USER_PATHS = NO;
				CLANG_ANALYZER_NONNULL = YES;
				CLANG_ANALYZER_NUMBER_OBJECT_CONVERSION = YES_AGGRESSIVE;
				CLANG_CXX_LANGUAGE_STANDARD = "gnu++14";
				CLANG_CXX_LIBRARY = "libc++";
				CLANG_ENABLE_MODULES = YES;
				CLANG_ENABLE_OBJC_ARC = YES;
				CLANG_ENABLE_OBJC_WEAK = YES;
				CLANG_WARN_BLOCK_CAPTURE_AUTORELEASING = YES;
				CLANG_WARN_BOOL_CONVERSION = YES;
				CLANG_WARN_COMMA = YES;
				CLANG_WARN_CONSTANT_CONVERSION = YES;
				CLANG_WARN_DEPRECATED_OBJC_IMPLEMENTATIONS = YES;
				CLANG_WARN_DIRECT_OBJC_ISA_USAGE = YES_ERROR;
				CLANG_WARN_DOCUMENTATION_COMMENTS = YES;
				CLANG_WARN_EMPTY_BODY = YES;
				CLANG_WARN_ENUM_CONVERSION = YES;
				CLANG_WARN_INFINITE_RECURSION = YES;
				CLANG_WARN_INT_CONVERSION = YES;
				CLANG_WARN_NON_LITERAL_NULL_CONVERSION = YES;
				CLANG_WARN_OBJC_IMPLICIT_RETAIN_SELF = YES;
				CLANG_WARN_OBJC_LITERAL_CONVERSION = YES;
				CLANG_WARN_OBJC_ROOT_CLASS = YES_ERROR;
				CLANG_WARN_RANGE_LOOP_ANALYSIS = YES;
				CLANG_WARN_STRICT_PROTOTYPES = YES;
				CLANG_WARN_SUSPICIOUS_MOVE = YES;
				CLANG_WARN_UNGUARDED_AVAILABILITY = YES_AGGRESSIVE;
				CLANG_WARN_UNREACHABLE_CODE = YES;
				CLANG_WARN__DUPLICATE_METHOD_MATCH = YES;
				CODE_SIGN_IDENTITY = "iPhone Developer";
				COPY_PHASE_STRIP = NO;
				DEBUG_INFORMATION_FORMAT = dwarf;
				ENABLE_STRICT_OBJC_MSGSEND = YES;
				ENABLE_TESTABILITY = YES;
				GCC_C_LANGUAGE_STANDARD = gnu11;
				GCC_DYNAMIC_NO_PIC = NO;
				GCC_NO_COMMON_BLOCKS = YES;
				GCC_OPTIMIZATION_LEVEL = 0;
				GCC_PREPROCESSOR_DEFINITIONS = (
					"DEBUG=1",
					"$(inherited)",
				);
				GCC_WARN_64_TO_32_BIT_CONVERSION = YES;
				GCC_WARN_ABOUT_RETURN_TYPE = YES_ERROR;
				GCC_WARN_UNDECLARED_SELECTOR = YES;
				GCC_WARN_UNINITIALIZED_AUTOS = YES_AGGRESSIVE;
				GCC_WARN_UNUSED_FUNCTION = YES;
				GCC_WARN_UNUSED_VARIABLE = YES;
				IPHONEOS_DEPLOYMENT_TARGET = 12.0;
				MTL_ENABLE_DEBUG_INFO = INCLUDE_SOURCE;
				MTL_FAST_MATH = YES;
				ONLY_ACTIVE_ARCH = YES;
				SDKROOT = iphoneos;
			};
			name = Debug;
		};
		DFD733D922C06E82002F1476 /* Release */ = {
			isa = XCBuildConfiguration;
			buildSettings = {
				ALWAYS_SEARCH_USER_PATHS = NO;
				CLANG_ANALYZER_NONNULL = YES;
				CLANG_ANALYZER_NUMBER_OBJECT_CONVERSION = YES_AGGRESSIVE;
				CLANG_CXX_LANGUAGE_STANDARD = "gnu++14";
				CLANG_CXX_LIBRARY = "libc++";
				CLANG_ENABLE_MODULES = YES;
				CLANG_ENABLE_OBJC_ARC = YES;
				CLANG_ENABLE_OBJC_WEAK = YES;
				CLANG_WARN_BLOCK_CAPTURE_AUTORELEASING = YES;
				CLANG_WARN_BOOL_CONVERSION = YES;
				CLANG_WARN_COMMA = YES;
				CLANG_WARN_CONSTANT_CONVERSION = YES;
				CLANG_WARN_DEPRECATED_OBJC_IMPLEMENTATIONS = YES;
				CLANG_WARN_DIRECT_OBJC_ISA_USAGE = YES_ERROR;
				CLANG_WARN_DOCUMENTATION_COMMENTS = YES;
				CLANG_WARN_EMPTY_BODY = YES;
				CLANG_WARN_ENUM_CONVERSION = YES;
				CLANG_WARN_INFINITE_RECURSION = YES;
				CLANG_WARN_INT_CONVERSION = YES;
				CLANG_WARN_NON_LITERAL_NULL_CONVERSION = YES;
				CLANG_WARN_OBJC_IMPLICIT_RETAIN_SELF = YES;
				CLANG_WARN_OBJC_LITERAL_CONVERSION = YES;
				CLANG_WARN_OBJC_ROOT_CLASS = YES_ERROR;
				CLANG_WARN_RANGE_LOOP_ANALYSIS = YES;
				CLANG_WARN_STRICT_PROTOTYPES = YES;
				CLANG_WARN_SUSPICIOUS_MOVE = YES;
				CLANG_WARN_UNGUARDED_AVAILABILITY = YES_AGGRESSIVE;
				CLANG_WARN_UNREACHABLE_CODE = YES;
				CLANG_WARN__DUPLICATE_METHOD_MATCH = YES;
				CODE_SIGN_IDENTITY = "iPhone Developer";
				COPY_PHASE_STRIP = NO;
				DEBUG_INFORMATION_FORMAT = "dwarf-with-dsym";
				ENABLE_NS_ASSERTIONS = NO;
				ENABLE_STRICT_OBJC_MSGSEND = YES;
				GCC_C_LANGUAGE_STANDARD = gnu11;
				GCC_NO_COMMON_BLOCKS = YES;
				GCC_WARN_64_TO_32_BIT_CONVERSION = YES;
				GCC_WARN_ABOUT_RETURN_TYPE = YES_ERROR;
				GCC_WARN_UNDECLARED_SELECTOR = YES;
				GCC_WARN_UNINITIALIZED_AUTOS = YES_AGGRESSIVE;
				GCC_WARN_UNUSED_FUNCTION = YES;
				GCC_WARN_UNUSED_VARIABLE = YES;
				IPHONEOS_DEPLOYMENT_TARGET = 12.0;
				MTL_ENABLE_DEBUG_INFO = NO;
				MTL_FAST_MATH = YES;
				SDKROOT = iphoneos;
				VALIDATE_PRODUCT = YES;
			};
			name = Release;
		};
		DFD733DB22C06E82002F1476 /* Debug */ = {
			isa = XCBuildConfiguration;
			buildSettings = {
				ASSETCATALOG_COMPILER_APPICON_NAME = AppIcon;
				CODE_SIGN_STYLE = Manual;
				DEVELOPMENT_TEAM = SUAKKZNX2F;
				INFOPLIST_FILE = ZJPasswordStyleView/Info.plist;
				IPHONEOS_DEPLOYMENT_TARGET = 9.0;
				LD_RUNPATH_SEARCH_PATHS = (
					"$(inherited)",
					"@executable_path/Frameworks",
				);
				PRODUCT_BUNDLE_IDENTIFIER = com.zhangjunjun.com.ZJPasswordStyleView;
				PRODUCT_NAME = "$(TARGET_NAME)";
				PROVISIONING_PROFILE_SPECIFIER = AllUniversalAppProvision;
				TARGETED_DEVICE_FAMILY = "1,2";
			};
			name = Debug;
		};
		DFD733DC22C06E82002F1476 /* Release */ = {
			isa = XCBuildConfiguration;
			buildSettings = {
				ASSETCATALOG_COMPILER_APPICON_NAME = AppIcon;
				CODE_SIGN_STYLE = Manual;
				DEVELOPMENT_TEAM = SUAKKZNX2F;
				INFOPLIST_FILE = ZJPasswordStyleView/Info.plist;
				IPHONEOS_DEPLOYMENT_TARGET = 9.0;
				LD_RUNPATH_SEARCH_PATHS = (
					"$(inherited)",
					"@executable_path/Frameworks",
				);
				PRODUCT_BUNDLE_IDENTIFIER = com.zhangjunjun.com.ZJPasswordStyleView;
				PRODUCT_NAME = "$(TARGET_NAME)";
				PROVISIONING_PROFILE_SPECIFIER = AllUniversalAppProvision;
				TARGETED_DEVICE_FAMILY = "1,2";
			};
			name = Release;
		};
/* End XCBuildConfiguration section */

/* Begin XCConfigurationList section */
		DFD733B122C06E81002F1476 /* Build configuration list for PBXProject "ZJPasswordStyleView" */ = {
			isa = XCConfigurationList;
			buildConfigurations = (
				DFD733D822C06E82002F1476 /* Debug */,
				DFD733D922C06E82002F1476 /* Release */,
			);
			defaultConfigurationIsVisible = 0;
			defaultConfigurationName = Release;
		};
		DFD733DA22C06E82002F1476 /* Build configuration list for PBXNativeTarget "ZJPasswordStyleView" */ = {
			isa = XCConfigurationList;
			buildConfigurations = (
				DFD733DB22C06E82002F1476 /* Debug */,
				DFD733DC22C06E82002F1476 /* Release */,
			);
			defaultConfigurationIsVisible = 0;
			defaultConfigurationName = Release;
		};
/* End XCConfigurationList section */
	};
	rootObject = DFD733AE22C06E81002F1476 /* Project object */;
}
